// !$*UTF8*$!
{
	archiveVersion = 1;
	classes = {
	};
	objectVersion = 50;
	objects = {

/* Begin PBXBuildFile section */
		A136E3DD26A6895700F83B1D /* PokemonAppApp.swift in Sources */ = {isa = PBXBuildFile; fileRef = A136E3DC26A6895700F83B1D /* PokemonAppApp.swift */; };
		A136E3DF26A6895700F83B1D /* ContentView.swift in Sources */ = {isa = PBXBuildFile; fileRef = A136E3DE26A6895700F83B1D /* ContentView.swift */; };
		A136E3E126A6895A00F83B1D /* Assets.xcassets in Resources */ = {isa = PBXBuildFile; fileRef = A136E3E026A6895A00F83B1D /* Assets.xcassets */; };
		A136E3E426A6895A00F83B1D /* Preview Assets.xcassets in Resources */ = {isa = PBXBuildFile; fileRef = A136E3E326A6895A00F83B1D /* Preview Assets.xcassets */; };
		A136E3F426A68CEB00F83B1D /* 02.png in Resources */ = {isa = PBXBuildFile; fileRef = A136E3EC26A68CEA00F83B1D /* 02.png */; };
		A136E3F526A68CEB00F83B1D /* 03.png in Resources */ = {isa = PBXBuildFile; fileRef = A136E3ED26A68CEA00F83B1D /* 03.png */; };
		A136E3F626A68CEB00F83B1D /* 04.png in Resources */ = {isa = PBXBuildFile; fileRef = A136E3EE26A68CEA00F83B1D /* 04.png */; };
		A136E3F726A68CEB00F83B1D /* 05.png in Resources */ = {isa = PBXBuildFile; fileRef = A136E3EF26A68CEA00F83B1D /* 05.png */; };
		A136E3F826A68CEB00F83B1D /* 06.png in Resources */ = {isa = PBXBuildFile; fileRef = A136E3F026A68CEA00F83B1D /* 06.png */; };
		A136E3F926A68CEB00F83B1D /* 01.png in Resources */ = {isa = PBXBuildFile; fileRef = A136E3F126A68CEB00F83B1D /* 01.png */; };
		A136E3FA26A68CEB00F83B1D /* 07.png in Resources */ = {isa = PBXBuildFile; fileRef = A136E3F226A68CEB00F83B1D /* 07.png */; };
		A136E3FB26A68CEB00F83B1D /* pokemon.csv in Resources */ = {isa = PBXBuildFile; fileRef = A136E3F326A68CEB00F83B1D /* pokemon.csv */; };
		A136E3FE26A68ECA00F83B1D /* PokemonData.swift in Sources */ = {isa = PBXBuildFile; fileRef = A136E3FD26A68ECA00F83B1D /* PokemonData.swift */; };
		A136E40126A6915000F83B1D /* RowView.swift in Sources */ = {isa = PBXBuildFile; fileRef = A136E40026A6915000F83B1D /* RowView.swift */; };
		A136E40426A6987600F83B1D /* DataSource.swift in Sources */ = {isa = PBXBuildFile; fileRef = A136E40326A6987600F83B1D /* DataSource.swift */; };
		A136E40726A6A14C00F83B1D /* ListView.swift in Sources */ = {isa = PBXBuildFile; fileRef = A136E40626A6A14C00F83B1D /* ListView.swift */; };
/* End PBXBuildFile section */

/* Begin PBXFileReference section */
		A136E3D926A6895700F83B1D /* PokemonApp.app */ = {isa = PBXFileReference; explicitFileType = wrapper.application; includeInIndex = 0; path = PokemonApp.app; sourceTree = BUILT_PRODUCTS_DIR; };
		A136E3DC26A6895700F83B1D /* PokemonAppApp.swift */ = {isa = PBXFileReference; lastKnownFileType = sourcecode.swift; path = PokemonAppApp.swift; sourceTree = "<group>"; };
		A136E3DE26A6895700F83B1D /* ContentView.swift */ = {isa = PBXFileReference; lastKnownFileType = sourcecode.swift; path = ContentView.swift; sourceTree = "<group>"; };
		A136E3E026A6895A00F83B1D /* Assets.xcassets */ = {isa = PBXFileReference; lastKnownFileType = folder.assetcatalog; path = Assets.xcassets; sourceTree = "<group>"; };
		A136E3E326A6895A00F83B1D /* Preview Assets.xcassets */ = {isa = PBXFileReference; lastKnownFileType = folder.assetcatalog; path = "Preview Assets.xcassets"; sourceTree = "<group>"; };
		A136E3E526A6895A00F83B1D /* Info.plist */ = {isa = PBXFileReference; lastKnownFileType = text.plist.xml; path = Info.plist; sourceTree = "<group>"; };
		A136E3EC26A68CEA00F83B1D /* 02.png */ = {isa = PBXFileReference; lastKnownFileType = image.png; path = 02.png; sourceTree = "<group>"; };
		A136E3ED26A68CEA00F83B1D /* 03.png */ = {isa = PBXFileReference; lastKnownFileType = image.png; path = 03.png; sourceTree = "<group>"; };
		A136E3EE26A68CEA00F83B1D /* 04.png */ = {isa = PBXFileReference; lastKnownFileType = image.png; path = 04.png; sourceTree = "<group>"; };
		A136E3EF26A68CEA00F83B1D /* 05.png */ = {isa = PBXFileReference; lastKnownFileType = image.png; path = 05.png; sourceTree = "<group>"; };
		A136E3F026A68CEA00F83B1D /* 06.png */ = {isa = PBXFileReference; lastKnownFileType = image.png; path = 06.png; sourceTree = "<group>"; };
		A136E3F126A68CEB00F83B1D /* 01.png */ = {isa = PBXFileReference; lastKnownFileType = image.png; path = 01.png; sourceTree = "<group>"; };
		A136E3F226A68CEB00F83B1D /* 07.png */ = {isa = PBXFileReference; lastKnownFileType = image.png; path = 07.png; sourceTree = "<group>"; };
		A136E3F326A68CEB00F83B1D /* pokemon.csv */ = {isa = PBXFileReference; fileEncoding = 4; lastKnownFileType = text; path = pokemon.csv; sourceTree = "<group>"; };
		A136E3FD26A68ECA00F83B1D /* PokemonData.swift */ = {isa = PBXFileReference; lastKnownFileType = sourcecode.swift; path = PokemonData.swift; sourceTree = "<group>"; };
		A136E40026A6915000F83B1D /* RowView.swift */ = {isa = PBXFileReference; lastKnownFileType = sourcecode.swift; path = RowView.swift; sourceTree = "<group>"; };
		A136E40326A6987600F83B1D /* DataSource.swift */ = {isa = PBXFileReference; lastKnownFileType = sourcecode.swift; path = DataSource.swift; sourceTree = "<group>"; };
		A136E40626A6A14C00F83B1D /* ListView.swift */ = {isa = PBXFileReference; lastKnownFileType = sourcecode.swift; path = ListView.swift; sourceTree = "<group>"; };
/* End PBXFileReference section */

/* Begin PBXFrameworksBuildPhase section */
		A136E3D626A6895700F83B1D /* Frameworks */ = {
			isa = PBXFrameworksBuildPhase;
			buildActionMask = 2147483647;
			files = (
			);
			runOnlyForDeploymentPostprocessing = 0;
		};
/* End PBXFrameworksBuildPhase section */

/* Begin PBXGroup section */
		A136E3D026A6895700F83B1D = {
			isa = PBXGroup;
			children = (
				A136E3DB26A6895700F83B1D /* PokemonApp */,
				A136E3DA26A6895700F83B1D /* Products */,
			);
			sourceTree = "<group>";
		};
		A136E3DA26A6895700F83B1D /* Products */ = {
			isa = PBXGroup;
			children = (
				A136E3D926A6895700F83B1D /* PokemonApp.app */,
			);
			name = Products;
			sourceTree = "<group>";
		};
		A136E3DB26A6895700F83B1D /* PokemonApp */ = {
			isa = PBXGroup;
			children = (
				A136E3DC26A6895700F83B1D /* PokemonAppApp.swift */,
				A136E3DE26A6895700F83B1D /* ContentView.swift */,
				A136E3E026A6895A00F83B1D /* Assets.xcassets */,
				A136E3FD26A68ECA00F83B1D /* PokemonData.swift */,
				A136E40026A6915000F83B1D /* RowView.swift */,
				A136E40326A6987600F83B1D /* DataSource.swift */,
				A136E40626A6A14C00F83B1D /* ListView.swift */,
				A136E3E526A6895A00F83B1D /* Info.plist */,
				A136E3F126A68CEB00F83B1D /* 01.png */,
				A136E3EC26A68CEA00F83B1D /* 02.png */,
				A136E3ED26A68CEA00F83B1D /* 03.png */,
				A136E3EE26A68CEA00F83B1D /* 04.png */,
				A136E3EF26A68CEA00F83B1D /* 05.png */,
				A136E3F026A68CEA00F83B1D /* 06.png */,
				A136E3F226A68CEB00F83B1D /* 07.png */,
				A136E3F326A68CEB00F83B1D /* pokemon.csv */,
				A136E3E226A6895A00F83B1D /* Preview Content */,
			);
			path = PokemonApp;
			sourceTree = "<group>";
		};
		A136E3E226A6895A00F83B1D /* Preview Content */ = {
			isa = PBXGroup;
			children = (
				A136E3E326A6895A00F83B1D /* Preview Assets.xcassets */,
			);
			path = "Preview Content";
			sourceTree = "<group>";
		};
/* End PBXGroup section */

/* Begin PBXNativeTarget section */
		A136E3D826A6895700F83B1D /* PokemonApp */ = {
			isa = PBXNativeTarget;
			buildConfigurationList = A136E3E826A6895A00F83B1D /* Build configuration list for PBXNativeTarget "PokemonApp" */;
			buildPhases = (
				A136E3D526A6895700F83B1D /* Sources */,
				A136E3D626A6895700F83B1D /* Frameworks */,
				A136E3D726A6895700F83B1D /* Resources */,
			);
			buildRules = (
			);
			dependencies = (
			);
			name = PokemonApp;
			productName = PokemonApp;
			productReference = A136E3D926A6895700F83B1D /* PokemonApp.app */;
			productType = "com.apple.product-type.application";
		};
/* End PBXNativeTarget section */

/* Begin PBXProject section */
		A136E3D126A6895700F83B1D /* Project object */ = {
			isa = PBXProject;
			attributes = {
				LastSwiftUpdateCheck = 1240;
				LastUpgradeCheck = 1240;
				TargetAttributes = {
					A136E3D826A6895700F83B1D = {
						CreatedOnToolsVersion = 12.4;
					};
				};
			};
			buildConfigurationList = A136E3D426A6895700F83B1D /* Build configuration list for PBXProject "PokemonApp" */;
			compatibilityVersion = "Xcode 9.3";
			developmentRegion = en;
			hasScannedForEncodings = 0;
			knownRegions = (
				en,
				Base,
			);
			mainGroup = A136E3D026A6895700F83B1D;
			productRefGroup = A136E3DA26A6895700F83B1D /* Products */;
			projectDirPath = "";
			projectRoot = "";
			targets = (
				A136E3D826A6895700F83B1D /* PokemonApp */,
			);
		};
/* End PBXProject section */

/* Begin PBXResourcesBuildPhase section */
		A136E3D726A6895700F83B1D /* Resources */ = {
			isa = PBXResourcesBuildPhase;
			buildActionMask = 2147483647;
			files = (
				A136E3F626A68CEB00F83B1D /* 04.png in Resources */,
				A136E3F526A68CEB00F83B1D /* 03.png in Resources */,
				A136E3F926A68CEB00F83B1D /* 01.png in Resources */,
				A136E3FA26A68CEB00F83B1D /* 07.png in Resources */,
				A136E3FB26A68CEB00F83B1D /* pokemon.csv in Resources */,
				A136E3F726A68CEB00F83B1D /* 05.png in Resources */,
				A136E3E426A6895A00F83B1D /* Preview Assets.xcassets in Resources */,
				A136E3E126A6895A00F83B1D /* Assets.xcassets in Resources */,
				A136E3F826A68CEB00F83B1D /* 06.png in Resources */,
				A136E3F426A68CEB00F83B1D /* 02.png in Resources */,
			);
			runOnlyForDeploymentPostprocessing = 0;
		};
/* End PBXResourcesBuildPhase section */

/* Begin PBXSourcesBuildPhase section */
		A136E3D526A6895700F83B1D /* Sources */ = {
			isa = PBXSourcesBuildPhase;
			buildActionMask = 2147483647;
			files = (
				A136E3DF26A6895700F83B1D /* ContentView.swift in Sources */,
				A136E3FE26A68ECA00F83B1D /* PokemonData.swift in Sources */,
				A136E40726A6A14C00F83B1D /* ListView.swift in Sources */,
				A136E3DD26A6895700F83B1D /* PokemonAppApp.swift in Sources */,
				A136E40426A6987600F83B1D /* DataSource.swift in Sources */,
				A136E40126A6915000F83B1D /* RowView.swift in Sources */,
			);
			runOnlyForDeploymentPostprocessing = 0;
		};
/* End PBXSourcesBuildPhase section */

/* Begin XCBuildConfiguration section */
		A136E3E626A6895A00F83B1D /* Debug */ = {
			isa = XCBuildConfiguration;
			buildSettings = {
				ALWAYS_SEARCH_USER_PATHS = NO;
				CLANG_ANALYZER_NONNULL = YES;
				CLANG_ANALYZER_NUMBER_OBJECT_CONVERSION = YES_AGGRESSIVE;
				CLANG_CXX_LANGUAGE_STANDARD = "gnu++14";
				CLANG_CXX_LIBRARY = "libc++";
				CLANG_ENABLE_MODULES = YES;
				CLANG_ENABLE_OBJC_ARC = YES;
				CLANG_ENABLE_OBJC_WEAK = YES;
				CLANG_WARN_BLOCK_CAPTURE_AUTORELEASING = YES;
				CLANG_WARN_BOOL_CONVERSION = YES;
				CLANG_WARN_COMMA = YES;
				CLANG_WARN_CONSTANT_CONVERSION = YES;
				CLANG_WARN_DEPRECATED_OBJC_IMPLEMENTATIONS = YES;
				CLANG_WARN_DIRECT_OBJC_ISA_USAGE = YES_ERROR;
				CLANG_WARN_DOCUMENTATION_COMMENTS = YES;
				CLANG_WARN_EMPTY_BODY = YES;
				CLANG_WARN_ENUM_CONVERSION = YES;
				CLANG_WARN_INFINITE_RECURSION = YES;
				CLANG_WARN_INT_CONVERSION = YES;
				CLANG_WARN_NON_LITERAL_NULL_CONVERSION = YES;
				CLANG_WARN_OBJC_IMPLICIT_RETAIN_SELF = YES;
				CLANG_WARN_OBJC_LITERAL_CONVERSION = YES;
				CLANG_WARN_OBJC_ROOT_CLASS = YES_ERROR;
				CLANG_WARN_QUOTED_INCLUDE_IN_FRAMEWORK_HEADER = YES;
				CLANG_WARN_RANGE_LOOP_ANALYSIS = YES;
				CLANG_WARN_STRICT_PROTOTYPES = YES;
				CLANG_WARN_SUSPICIOUS_MOVE = YES;
				CLANG_WARN_UNGUARDED_AVAILABILITY = YES_AGGRESSIVE;
				CLANG_WARN_UNREACHABLE_CODE = YES;
				CLANG_WARN__DUPLICATE_METHOD_MATCH = YES;
				COPY_PHASE_STRIP = NO;
				DEBUG_INFORMATION_FORMAT = dwarf;
				ENABLE_STRICT_OBJC_MSGSEND = YES;
				ENABLE_TESTABILITY = YES;
				GCC_C_LANGUAGE_STANDARD = gnu11;
				GCC_DYNAMIC_NO_PIC = NO;
				GCC_NO_COMMON_BLOCKS = YES;
				GCC_OPTIMIZATION_LEVEL = 0;
				GCC_PREPROCESSOR_DEFINITIONS = (
					"DEBUG=1",
					"$(inherited)",
				);
				GCC_WARN_64_TO_32_BIT_CONVERSION = YES;
				GCC_WARN_ABOUT_RETURN_TYPE = YES_ERROR;
				GCC_WARN_UNDECLARED_SELECTOR = YES;
				GCC_WARN_UNINITIALIZED_AUTOS = YES_AGGRESSIVE;
				GCC_WARN_UNUSED_FUNCTION = YES;
				GCC_WARN_UNUSED_VARIABLE = YES;
				IPHONEOS_DEPLOYMENT_TARGET = 14.4;
				MTL_ENABLE_DEBUG_INFO = INCLUDE_SOURCE;
				MTL_FAST_MATH = YES;
				ONLY_ACTIVE_ARCH = YES;
				SDKROOT = iphoneos;
				SWIFT_ACTIVE_COMPILATION_CONDITIONS = DEBUG;
				SWIFT_OPTIMIZATION_LEVEL = "-Onone";
			};
			name = Debug;
		};
		A136E3E726A6895A00F83B1D /* Release */ = {
			isa = XCBuildConfiguration;
			buildSettings = {
				ALWAYS_SEARCH_USER_PATHS = NO;
				CLANG_ANALYZER_NONNULL = YES;
				CLANG_ANALYZER_NUMBER_OBJECT_CONVERSION = YES_AGGRESSIVE;
				CLANG_CXX_LANGUAGE_STANDARD = "gnu++14";
				CLANG_CXX_LIBRARY = "libc++";
				CLANG_ENABLE_MODULES = YES;
				CLANG_ENABLE_OBJC_ARC = YES;
				CLANG_ENABLE_OBJC_WEAK = YES;
				CLANG_WARN_BLOCK_CAPTURE_AUTORELEASING = YES;
				CLANG_WARN_BOOL_CONVERSION = YES;
				CLANG_WARN_COMMA = YES;
				CLANG_WARN_CONSTANT_CONVERSION = YES;
				CLANG_WARN_DEPRECATED_OBJC_IMPLEMENTATIONS = YES;
				CLANG_WARN_DIRECT_OBJC_ISA_USAGE = YES_ERROR;
				CLANG_WARN_DOCUMENTATION_COMMENTS = YES;
				CLANG_WARN_EMPTY_BODY = YES;
				CLANG_WARN_ENUM_CONVERSION = YES;
				CLANG_WARN_INFINITE_RECURSION = YES;
				CLANG_WARN_INT_CONVERSION = YES;
				CLANG_WARN_NON_LITERAL_NULL_CONVERSION = YES;
				CLANG_WARN_OBJC_IMPLICIT_RETAIN_SELF = YES;
				CLANG_WARN_OBJC_LITERAL_CONVERSION = YES;
				CLANG_WARN_OBJC_ROOT_CLASS = YES_ERROR;
				CLANG_WARN_QUOTED_INCLUDE_IN_FRAMEWORK_HEADER = YES;
				CLANG_WARN_RANGE_LOOP_ANALYSIS = YES;
				CLANG_WARN_STRICT_PROTOTYPES = YES;
				CLANG_WARN_SUSPICIOUS_MOVE = YES;
				CLANG_WARN_UNGUARDED_AVAILABILITY = YES_AGGRESSIVE;
				CLANG_WARN_UNREACHABLE_CODE = YES;
				CLANG_WARN__DUPLICATE_METHOD_MATCH = YES;
				COPY_PHASE_STRIP = NO;
				DEBUG_INFORMATION_FORMAT = "dwarf-with-dsym";
				ENABLE_NS_ASSERTIONS = NO;
				ENABLE_STRICT_OBJC_MSGSEND = YES;
				GCC_C_LANGUAGE_STANDARD = gnu11;
				GCC_NO_COMMON_BLOCKS = YES;
				GCC_WARN_64_TO_32_BIT_CONVERSION = YES;
				GCC_WARN_ABOUT_RETURN_TYPE = YES_ERROR;
				GCC_WARN_UNDECLARED_SELECTOR = YES;
				GCC_WARN_UNINITIALIZED_AUTOS = YES_AGGRESSIVE;
				GCC_WARN_UNUSED_FUNCTION = YES;
				GCC_WARN_UNUSED_VARIABLE = YES;
				IPHONEOS_DEPLOYMENT_TARGET = 14.4;
				MTL_ENABLE_DEBUG_INFO = NO;
				MTL_FAST_MATH = YES;
				SDKROOT = iphoneos;
				SWIFT_COMPILATION_MODE = wholemodule;
				SWIFT_OPTIMIZATION_LEVEL = "-O";
				VALIDATE_PRODUCT = YES;
			};
			name = Release;
		};
		A136E3E926A6895A00F83B1D /* Debug */ = {
			isa = XCBuildConfiguration;
			buildSettings = {
				ASSETCATALOG_COMPILER_APPICON_NAME = AppIcon;
				ASSETCATALOG_COMPILER_GLOBAL_ACCENT_COLOR_NAME = AccentColor;
				CODE_SIGN_STYLE = Automatic;
				DEVELOPMENT_ASSET_PATHS = "\"PokemonApp/Preview Content\"";
				ENABLE_PREVIEWS = YES;
				INFOPLIST_FILE = PokemonApp/Info.plist;
				IPHONEOS_DEPLOYMENT_TARGET = 14.0;
				LD_RUNPATH_SEARCH_PATHS = (
					"$(inherited)",
					"@executable_path/Frameworks",
				);
				PRODUCT_BUNDLE_IDENTIFIER = seito.PokemonApp;
				PRODUCT_NAME = "$(TARGET_NAME)";
				SWIFT_VERSION = 5.0;
				TARGETED_DEVICE_FAMILY = "1,2";
			};
			name = Debug;
		};
		A136E3EA26A6895A00F83B1D /* Release */ = {
			isa = XCBuildConfiguration;
			buildSettings = {
				ASSETCATALOG_COMPILER_APPICON_NAME = AppIcon;
				ASSETCATALOG_COMPILER_GLOBAL_ACCENT_COLOR_NAME = AccentColor;
				CODE_SIGN_STYLE = Automatic;
				DEVELOPMENT_ASSET_PATHS = "\"PokemonApp/Preview Content\"";
				ENABLE_PREVIEWS = YES;
				INFOPLIST_FILE = PokemonApp/Info.plist;
				IPHONEOS_DEPLOYMENT_TARGET = 14.0;
				LD_RUNPATH_SEARCH_PATHS = (
					"$(inherited)",
					"@executable_path/Frameworks",
				);
				PRODUCT_BUNDLE_IDENTIFIER = seito.PokemonApp;
				PRODUCT_NAME = "$(TARGET_NAME)";
				SWIFT_VERSION = 5.0;
				TARGETED_DEVICE_FAMILY = "1,2";
			};
			name = Release;
		};
/* End XCBuildConfiguration section */

/* Begin XCConfigurationList section */
		A136E3D426A6895700F83B1D /* Build configuration list for PBXProject "PokemonApp" */ = {
			isa = XCConfigurationList;
			buildConfigurations = (
				A136E3E626A6895A00F83B1D /* Debug */,
				A136E3E726A6895A00F83B1D /* Release */,
			);
			defaultConfigurationIsVisible = 0;
			defaultConfigurationName = Release;
		};
		A136E3E826A6895A00F83B1D /* Build configuration list for PBXNativeTarget "PokemonApp" */ = {
			isa = XCConfigurationList;
			buildConfigurations = (
				A136E3E926A6895A00F83B1D /* Debug */,
				A136E3EA26A6895A00F83B1D /* Release */,
			);
			defaultConfigurationIsVisible = 0;
			defaultConfigurationName = Release;
		};
/* End XCConfigurationList section */
	};
	rootObject = A136E3D126A6895700F83B1D /* Project object */;
}
